
Microsoft Visual Studio Solution File, Format Version 12.00
# Visual Studio Version 16
VisualStudioVersion = 16.0.29613.14
MinimumVisualStudioVersion = 10.0.40219.1
Project("{2150E333-8FDC-42A3-9474-1A3956D46DE8}") = "src", "src", "{61DE935B-8880-478C-BB2B-5B6E04F91EA4}"
EndProject
Project("{2150E333-8FDC-42A3-9474-1A3956D46DE8}") = "tests", "tests", "{F3D975DC-907F-4B68-871A-B910C5C9AAC7}"
EndProject
Project("{2150E333-8FDC-42A3-9474-1A3956D46DE8}") = "benchmarks", "benchmarks", "{0F4DF69F-BA0F-4217-A313-CE544626E11D}"
EndProject
Project("{9A19103F-16F7-4668-BE54-9A1E7A4F7556}") = "HttpCompletionOptionBenchmark", "benchmarks\HttpCompletionOptionBenchmark\HttpCompletionOptionBenchmark.csproj", "{7F31308B-31B9-425A-AAE8-ABC49FA04A9A}"
EndProject
Project("{9A19103F-16F7-4668-BE54-9A1E7A4F7556}") = "MovieApi", "src\MovieApi\MovieApi.csproj", "{501424C6-6934-4C63-846C-8699F8BCCE14}"
EndProject
Project("{9A19103F-16F7-4668-BE54-9A1E7A4F7556}") = "MovieModel", "src\MovieModel\MovieModel.csproj", "{9334FA80-D085-451E-AAF1-3103A6AED80B}"
EndProject
Project("{9A19103F-16F7-4668-BE54-9A1E7A4F7556}") = "ThrowExceptionsBenchmark", "benchmarks\ThrowExceptionsBenchmark\ThrowExceptionsBenchmark.csproj", "{9B8ED122-2E81-4DE4-86A1-CE2AC22A64FF}"
EndProject
Project("{9A19103F-16F7-4668-BE54-9A1E7A4F7556}") = "RedisStorageBenchmark", "benchmarks\RedisStorageBenchmark\RedisStorageBenchmark.csproj", "{C51053FD-D05F-4C83-991E-3242933C3F58}"
EndProject
Project("{9A19103F-16F7-4668-BE54-9A1E7A4F7556}") = "MovieGrpc", "src\MovieGrpc\MovieGrpc.csproj", "{B112E0F4-2028-4BDF-A55F-7414BF5EC10F}"
EndProject
Project("{9A19103F-16F7-4668-BE54-9A1E7A4F7556}") = "RestBenchmark", "benchmarks\RestBenchmark\RestBenchmark.csproj", "{5455C468-DFB6-4886-A887-8C533AC1BF26}"
EndProject
Project("{9A19103F-16F7-4668-BE54-9A1E7A4F7556}") = "GrpcBenchmark", "benchmarks\GrpcBenchmark\GrpcBenchmark.csproj", "{7341227F-0B26-41B3-BC82-EC124CB11B54}"
EndProject
Global
	GlobalSection(SolutionConfigurationPlatforms) = preSolution
		Debug|Any CPU = Debug|Any CPU
		Release|Any CPU = Release|Any CPU
	EndGlobalSection
	GlobalSection(ProjectConfigurationPlatforms) = postSolution
		{7F31308B-31B9-425A-AAE8-ABC49FA04A9A}.Debug|Any CPU.ActiveCfg = Debug|Any CPU
		{7F31308B-31B9-425A-AAE8-ABC49FA04A9A}.Debug|Any CPU.Build.0 = Debug|Any CPU
		{7F31308B-31B9-425A-AAE8-ABC49FA04A9A}.Release|Any CPU.ActiveCfg = Release|Any CPU
		{7F31308B-31B9-425A-AAE8-ABC49FA04A9A}.Release|Any CPU.Build.0 = Release|Any CPU
		{501424C6-6934-4C63-846C-8699F8BCCE14}.Debug|Any CPU.ActiveCfg = Debug|Any CPU
		{501424C6-6934-4C63-846C-8699F8BCCE14}.Debug|Any CPU.Build.0 = Debug|Any CPU
		{501424C6-6934-4C63-846C-8699F8BCCE14}.Release|Any CPU.ActiveCfg = Release|Any CPU
		{501424C6-6934-4C63-846C-8699F8BCCE14}.Release|Any CPU.Build.0 = Release|Any CPU
		{9334FA80-D085-451E-AAF1-3103A6AED80B}.Debug|Any CPU.ActiveCfg = Debug|Any CPU
		{9334FA80-D085-451E-AAF1-3103A6AED80B}.Debug|Any CPU.Build.0 = Debug|Any CPU
		{9334FA80-D085-451E-AAF1-3103A6AED80B}.Release|Any CPU.ActiveCfg = Release|Any CPU
		{9334FA80-D085-451E-AAF1-3103A6AED80B}.Release|Any CPU.Build.0 = Release|Any CPU
		{9B8ED122-2E81-4DE4-86A1-CE2AC22A64FF}.Debug|Any CPU.ActiveCfg = Debug|Any CPU
		{9B8ED122-2E81-4DE4-86A1-CE2AC22A64FF}.Debug|Any CPU.Build.0 = Debug|Any CPU
		{9B8ED122-2E81-4DE4-86A1-CE2AC22A64FF}.Release|Any CPU.ActiveCfg = Release|Any CPU
		{9B8ED122-2E81-4DE4-86A1-CE2AC22A64FF}.Release|Any CPU.Build.0 = Release|Any CPU
		{C51053FD-D05F-4C83-991E-3242933C3F58}.Debug|Any CPU.ActiveCfg = Debug|Any CPU
		{C51053FD-D05F-4C83-991E-3242933C3F58}.Debug|Any CPU.Build.0 = Debug|Any CPU
		{C51053FD-D05F-4C83-991E-3242933C3F58}.Release|Any CPU.ActiveCfg = Release|Any CPU
		{C51053FD-D05F-4C83-991E-3242933C3F58}.Release|Any CPU.Build.0 = Release|Any CPU
		{B112E0F4-2028-4BDF-A55F-7414BF5EC10F}.Debug|Any CPU.ActiveCfg = Debug|Any CPU
		{B112E0F4-2028-4BDF-A55F-7414BF5EC10F}.Debug|Any CPU.Build.0 = Debug|Any CPU
		{B112E0F4-2028-4BDF-A55F-7414BF5EC10F}.Release|Any CPU.ActiveCfg = Release|Any CPU
		{B112E0F4-2028-4BDF-A55F-7414BF5EC10F}.Release|Any CPU.Build.0 = Release|Any CPU
		{5455C468-DFB6-4886-A887-8C533AC1BF26}.Debug|Any CPU.ActiveCfg = Debug|Any CPU
		{5455C468-DFB6-4886-A887-8C533AC1BF26}.Debug|Any CPU.Build.0 = Debug|Any CPU
		{5455C468-DFB6-4886-A887-8C533AC1BF26}.Release|Any CPU.ActiveCfg = Release|Any CPU
		{5455C468-DFB6-4886-A887-8C533AC1BF26}.Release|Any CPU.Build.0 = Release|Any CPU
		{7341227F-0B26-41B3-BC82-EC124CB11B54}.Debug|Any CPU.ActiveCfg = Debug|Any CPU
		{7341227F-0B26-41B3-BC82-EC124CB11B54}.Debug|Any CPU.Build.0 = Debug|Any CPU
		{7341227F-0B26-41B3-BC82-EC124CB11B54}.Release|Any CPU.ActiveCfg = Release|Any CPU
		{7341227F-0B26-41B3-BC82-EC124CB11B54}.Release|Any CPU.Build.0 = Release|Any CPU
	EndGlobalSection
	GlobalSection(SolutionProperties) = preSolution
		HideSolutionNode = FALSE
	EndGlobalSection
	GlobalSection(NestedProjects) = preSolution
		{7F31308B-31B9-425A-AAE8-ABC49FA04A9A} = {0F4DF69F-BA0F-4217-A313-CE544626E11D}
		{501424C6-6934-4C63-846C-8699F8BCCE14} = {61DE935B-8880-478C-BB2B-5B6E04F91EA4}
		{9334FA80-D085-451E-AAF1-3103A6AED80B} = {61DE935B-8880-478C-BB2B-5B6E04F91EA4}
		{9B8ED122-2E81-4DE4-86A1-CE2AC22A64FF} = {0F4DF69F-BA0F-4217-A313-CE544626E11D}
		{C51053FD-D05F-4C83-991E-3242933C3F58} = {0F4DF69F-BA0F-4217-A313-CE544626E11D}
		{B112E0F4-2028-4BDF-A55F-7414BF5EC10F} = {61DE935B-8880-478C-BB2B-5B6E04F91EA4}
		{5455C468-DFB6-4886-A887-8C533AC1BF26} = {0F4DF69F-BA0F-4217-A313-CE544626E11D}
		{7341227F-0B26-41B3-BC82-EC124CB11B54} = {0F4DF69F-BA0F-4217-A313-CE544626E11D}
	EndGlobalSection
	GlobalSection(ExtensibilityGlobals) = postSolution
		SolutionGuid = {3C51FD12-31A5-4B4F-B60D-884174079F37}
	EndGlobalSection
EndGlobal
